// !$*UTF8*$!
{
	archiveVersion = 1;
	classes = {
	};
	objectVersion = 56;
	objects = {

/* Begin PBXBuildFile section */
		6E70454029E8539B009B4C07 /* ListItemsView.swift in Sources */ = {isa = PBXBuildFile; fileRef = 6E70453F29E8539B009B4C07 /* ListItemsView.swift */; };
		6EEAB05629DC59DF009BD4E9 /* TodoItemApp.swift in Sources */ = {isa = PBXBuildFile; fileRef = 6EEAB05529DC59DF009BD4E9 /* TodoItemApp.swift */; };
		6EEAB05A29DC59E1009BD4E9 /* Assets.xcassets in Resources */ = {isa = PBXBuildFile; fileRef = 6EEAB05929DC59E1009BD4E9 /* Assets.xcassets */; };
		6EEAB05D29DC59E1009BD4E9 /* Preview Assets.xcassets in Resources */ = {isa = PBXBuildFile; fileRef = 6EEAB05C29DC59E1009BD4E9 /* Preview Assets.xcassets */; };
		6EEAB06529DC5A7E009BD4E9 /* ListView.swift in Sources */ = {isa = PBXBuildFile; fileRef = 6EEAB06429DC5A7E009BD4E9 /* ListView.swift */; };
		6EEAB06829DC5DED009BD4E9 /* TodoItem.swift in Sources */ = {isa = PBXBuildFile; fileRef = 6EEAB06729DC5DED009BD4E9 /* TodoItem.swift */; };
		6EEAB06A29DC647A009BD4E9 /* db.sqlite in Resources */ = {isa = PBXBuildFile; fileRef = 6EEAB06929DC6479009BD4E9 /* db.sqlite */; };
		6EEAB06D29DC64C2009BD4E9 /* Blackbird in Frameworks */ = {isa = PBXBuildFile; productRef = 6EEAB06C29DC64C2009BD4E9 /* Blackbird */; };
		6EEAB07029DC64FF009BD4E9 /* AppDatabase.swift in Sources */ = {isa = PBXBuildFile; fileRef = 6EEAB06F29DC64FF009BD4E9 /* AppDatabase.swift */; };
/* End PBXBuildFile section */

/* Begin PBXFileReference section */
		6E70453F29E8539B009B4C07 /* ListItemsView.swift */ = {isa = PBXFileReference; lastKnownFileType = sourcecode.swift; path = ListItemsView.swift; sourceTree = "<group>"; };
		6EEAB05229DC59DF009BD4E9 /* TodoItem.app */ = {isa = PBXFileReference; explicitFileType = wrapper.application; includeInIndex = 0; path = TodoItem.app; sourceTree = BUILT_PRODUCTS_DIR; };
		6EEAB05529DC59DF009BD4E9 /* TodoItemApp.swift */ = {isa = PBXFileReference; lastKnownFileType = sourcecode.swift; path = TodoItemApp.swift; sourceTree = "<group>"; };
		6EEAB05929DC59E1009BD4E9 /* Assets.xcassets */ = {isa = PBXFileReference; lastKnownFileType = folder.assetcatalog; path = Assets.xcassets; sourceTree = "<group>"; };
		6EEAB05C29DC59E1009BD4E9 /* Preview Assets.xcassets */ = {isa = PBXFileReference; lastKnownFileType = folder.assetcatalog; path = "Preview Assets.xcassets"; sourceTree = "<group>"; };
		6EEAB06429DC5A7E009BD4E9 /* ListView.swift */ = {isa = PBXFileReference; lastKnownFileType = sourcecode.swift; path = ListView.swift; sourceTree = "<group>"; };
		6EEAB06729DC5DED009BD4E9 /* TodoItem.swift */ = {isa = PBXFileReference; lastKnownFileType = sourcecode.swift; path = TodoItem.swift; sourceTree = "<group>"; };
		6EEAB06929DC6479009BD4E9 /* db.sqlite */ = {isa = PBXFileReference; lastKnownFileType = file; path = db.sqlite; sourceTree = "<group>"; };
		6EEAB06F29DC64FF009BD4E9 /* AppDatabase.swift */ = {isa = PBXFileReference; lastKnownFileType = sourcecode.swift; path = AppDatabase.swift; sourceTree = "<group>"; };
/* End PBXFileReference section */

/* Begin PBXFrameworksBuildPhase section */
		6EEAB04F29DC59DF009BD4E9 /* Frameworks */ = {
			isa = PBXFrameworksBuildPhase;
			buildActionMask = 2147483647;
			files = (
				6EEAB06D29DC64C2009BD4E9 /* Blackbird in Frameworks */,
			);
			runOnlyForDeploymentPostprocessing = 0;
		};
/* End PBXFrameworksBuildPhase section */

/* Begin PBXGroup section */
		6EEAB04929DC59DF009BD4E9 = {
			isa = PBXGroup;
			children = (
				6EEAB05429DC59DF009BD4E9 /* TodoItem */,
				6EEAB05329DC59DF009BD4E9 /* Products */,
			);
			sourceTree = "<group>";
		};
		6EEAB05329DC59DF009BD4E9 /* Products */ = {
			isa = PBXGroup;
			children = (
				6EEAB05229DC59DF009BD4E9 /* TodoItem.app */,
			);
			name = Products;
			sourceTree = "<group>";
		};
		6EEAB05429DC59DF009BD4E9 /* TodoItem */ = {
			isa = PBXGroup;
			children = (
				6EEAB05529DC59DF009BD4E9 /* TodoItemApp.swift */,
				6EEAB06329DC5A6B009BD4E9 /* Views */,
				6EEAB06629DC5DBA009BD4E9 /* Model */,
				6EEAB06E29DC64D5009BD4E9 /* New Group */,
				6EEAB05929DC59E1009BD4E9 /* Assets.xcassets */,
				6EEAB05B29DC59E1009BD4E9 /* Preview Content */,
			);
			path = TodoItem;
			sourceTree = "<group>";
		};
		6EEAB05B29DC59E1009BD4E9 /* Preview Content */ = {
			isa = PBXGroup;
			children = (
				6EEAB05C29DC59E1009BD4E9 /* Preview Assets.xcassets */,
			);
			path = "Preview Content";
			sourceTree = "<group>";
		};
		6EEAB06329DC5A6B009BD4E9 /* Views */ = {
			isa = PBXGroup;
			children = (
				6EEAB06429DC5A7E009BD4E9 /* ListView.swift */,
				6E70453F29E8539B009B4C07 /* ListItemsView.swift */,
			);
			path = Views;
			sourceTree = "<group>";
		};
		6EEAB06629DC5DBA009BD4E9 /* Model */ = {
			isa = PBXGroup;
			children = (
				6EEAB06929DC6479009BD4E9 /* db.sqlite */,
				6EEAB06729DC5DED009BD4E9 /* TodoItem.swift */,
			);
			path = Model;
			sourceTree = "<group>";
		};
		6EEAB06E29DC64D5009BD4E9 /* New Group */ = {
			isa = PBXGroup;
			children = (
				6EEAB06F29DC64FF009BD4E9 /* AppDatabase.swift */,
			);
			path = "New Group";
			sourceTree = "<group>";
		};
/* End PBXGroup section */

/* Begin PBXNativeTarget section */
		6EEAB05129DC59DF009BD4E9 /* TodoItem */ = {
			isa = PBXNativeTarget;
			buildConfigurationList = 6EEAB06029DC59E1009BD4E9 /* Build configuration list for PBXNativeTarget "TodoItem" */;
			buildPhases = (
				6EEAB04E29DC59DF009BD4E9 /* Sources */,
				6EEAB04F29DC59DF009BD4E9 /* Frameworks */,
				6EEAB05029DC59DF009BD4E9 /* Resources */,
			);
			buildRules = (
			);
			dependencies = (
			);
			name = TodoItem;
			packageProductDependencies = (
				6EEAB06C29DC64C2009BD4E9 /* Blackbird */,
			);
			productName = TodoItem;
			productReference = 6EEAB05229DC59DF009BD4E9 /* TodoItem.app */;
			productType = "com.apple.product-type.application";
		};
/* End PBXNativeTarget section */

/* Begin PBXProject section */
		6EEAB04A29DC59DF009BD4E9 /* Project object */ = {
			isa = PBXProject;
			attributes = {
				BuildIndependentTargetsInParallel = 1;
				LastSwiftUpdateCheck = 1430;
				LastUpgradeCheck = 1430;
				TargetAttributes = {
					6EEAB05129DC59DF009BD4E9 = {
						CreatedOnToolsVersion = 14.3;
					};
				};
			};
			buildConfigurationList = 6EEAB04D29DC59DF009BD4E9 /* Build configuration list for PBXProject "TodoItem" */;
			compatibilityVersion = "Xcode 14.0";
			developmentRegion = en;
			hasScannedForEncodings = 0;
			knownRegions = (
				en,
				Base,
			);
			mainGroup = 6EEAB04929DC59DF009BD4E9;
			packageReferences = (
				6EEAB06B29DC64C2009BD4E9 /* XCRemoteSwiftPackageReference "Blackbird" */,
			);
			productRefGroup = 6EEAB05329DC59DF009BD4E9 /* Products */;
			projectDirPath = "";
			projectRoot = "";
			targets = (
				6EEAB05129DC59DF009BD4E9 /* TodoItem */,
			);
		};
/* End PBXProject section */

/* Begin PBXResourcesBuildPhase section */
		6EEAB05029DC59DF009BD4E9 /* Resources */ = {
			isa = PBXResourcesBuildPhase;
			buildActionMask = 2147483647;
			files = (
				6EEAB05D29DC59E1009BD4E9 /* Preview Assets.xcassets in Resources */,
				6EEAB06A29DC647A009BD4E9 /* db.sqlite in Resources */,
				6EEAB05A29DC59E1009BD4E9 /* Assets.xcassets in Resources */,
			);
			runOnlyForDeploymentPostprocessing = 0;
		};
/* End PBXResourcesBuildPhase section */

/* Begin PBXSourcesBuildPhase section */
		6EEAB04E29DC59DF009BD4E9 /* Sources */ = {
			isa = PBXSourcesBuildPhase;
			buildActionMask = 2147483647;
			files = (
				6E70454029E8539B009B4C07 /* ListItemsView.swift in Sources */,
				6EEAB06529DC5A7E009BD4E9 /* ListView.swift in Sources */,
				6EEAB06829DC5DED009BD4E9 /* TodoItem.swift in Sources */,
				6EEAB07029DC64FF009BD4E9 /* AppDatabase.swift in Sources */,
				6EEAB05629DC59DF009BD4E9 /* TodoItemApp.swift in Sources */,
			);
			runOnlyForDeploymentPostprocessing = 0;
		};
/* End PBXSourcesBuildPhase section */

/* Begin XCBuildConfiguration section */
		6EEAB05E29DC59E1009BD4E9 /* Debug */ = {
			isa = XCBuildConfiguration;
			buildSettings = {
				ALWAYS_SEARCH_USER_PATHS = NO;
				CLANG_ANALYZER_NONNULL = YES;
				CLANG_ANALYZER_NUMBER_OBJECT_CONVERSION = YES_AGGRESSIVE;
				CLANG_CXX_LANGUAGE_STANDARD = "gnu++20";
				CLANG_ENABLE_MODULES = YES;
				CLANG_ENABLE_OBJC_ARC = YES;
				CLANG_ENABLE_OBJC_WEAK = YES;
				CLANG_WARN_BLOCK_CAPTURE_AUTORELEASING = YES;
				CLANG_WARN_BOOL_CONVERSION = YES;
				CLANG_WARN_COMMA = YES;
				CLANG_WARN_CONSTANT_CONVERSION = YES;
				CLANG_WARN_DEPRECATED_OBJC_IMPLEMENTATIONS = YES;
				CLANG_WARN_DIRECT_OBJC_ISA_USAGE = YES_ERROR;
				CLANG_WARN_DOCUMENTATION_COMMENTS = YES;
				CLANG_WARN_EMPTY_BODY = YES;
				CLANG_WARN_ENUM_CONVERSION = YES;
				CLANG_WARN_INFINITE_RECURSION = YES;
				CLANG_WARN_INT_CONVERSION = YES;
				CLANG_WARN_NON_LITERAL_NULL_CONVERSION = YES;
				CLANG_WARN_OBJC_IMPLICIT_RETAIN_SELF = YES;
				CLANG_WARN_OBJC_LITERAL_CONVERSION = YES;
				CLANG_WARN_OBJC_ROOT_CLASS = YES_ERROR;
				CLANG_WARN_QUOTED_INCLUDE_IN_FRAMEWORK_HEADER = YES;
				CLANG_WARN_RANGE_LOOP_ANALYSIS = YES;
				CLANG_WARN_STRICT_PROTOTYPES = YES;
				CLANG_WARN_SUSPICIOUS_MOVE = YES;
				CLANG_WARN_UNGUARDED_AVAILABILITY = YES_AGGRESSIVE;
				CLANG_WARN_UNREACHABLE_CODE = YES;
				CLANG_WARN__DUPLICATE_METHOD_MATCH = YES;
				COPY_PHASE_STRIP = NO;
				DEBUG_INFORMATION_FORMAT = dwarf;
				ENABLE_STRICT_OBJC_MSGSEND = YES;
				ENABLE_TESTABILITY = YES;
				GCC_C_LANGUAGE_STANDARD = gnu11;
				GCC_DYNAMIC_NO_PIC = NO;
				GCC_NO_COMMON_BLOCKS = YES;
				GCC_OPTIMIZATION_LEVEL = 0;
				GCC_PREPROCESSOR_DEFINITIONS = (
					"DEBUG=1",
					"$(inherited)",
				);
				GCC_WARN_64_TO_32_BIT_CONVERSION = YES;
				GCC_WARN_ABOUT_RETURN_TYPE = YES_ERROR;
				GCC_WARN_UNDECLARED_SELECTOR = YES;
				GCC_WARN_UNINITIALIZED_AUTOS = YES_AGGRESSIVE;
				GCC_WARN_UNUSED_FUNCTION = YES;
				GCC_WARN_UNUSED_VARIABLE = YES;
				IPHONEOS_DEPLOYMENT_TARGET = 16.4;
				MTL_ENABLE_DEBUG_INFO = INCLUDE_SOURCE;
				MTL_FAST_MATH = YES;
				ONLY_ACTIVE_ARCH = YES;
				SDKROOT = iphoneos;
				SWIFT_ACTIVE_COMPILATION_CONDITIONS = DEBUG;
				SWIFT_OPTIMIZATION_LEVEL = "-Onone";
			};
			name = Debug;
		};
		6EEAB05F29DC59E1009BD4E9 /* Release */ = {
			isa = XCBuildConfiguration;
			buildSettings = {
				ALWAYS_SEARCH_USER_PATHS = NO;
				CLANG_ANALYZER_NONNULL = YES;
				CLANG_ANALYZER_NUMBER_OBJECT_CONVERSION = YES_AGGRESSIVE;
				CLANG_CXX_LANGUAGE_STANDARD = "gnu++20";
				CLANG_ENABLE_MODULES = YES;
				CLANG_ENABLE_OBJC_ARC = YES;
				CLANG_ENABLE_OBJC_WEAK = YES;
				CLANG_WARN_BLOCK_CAPTURE_AUTORELEASING = YES;
				CLANG_WARN_BOOL_CONVERSION = YES;
				CLANG_WARN_COMMA = YES;
				CLANG_WARN_CONSTANT_CONVERSION = YES;
				CLANG_WARN_DEPRECATED_OBJC_IMPLEMENTATIONS = YES;
				CLANG_WARN_DIRECT_OBJC_ISA_USAGE = YES_ERROR;
				CLANG_WARN_DOCUMENTATION_COMMENTS = YES;
				CLANG_WARN_EMPTY_BODY = YES;
				CLANG_WARN_ENUM_CONVERSION = YES;
				CLANG_WARN_INFINITE_RECURSION = YES;
				CLANG_WARN_INT_CONVERSION = YES;
				CLANG_WARN_NON_LITERAL_NULL_CONVERSION = YES;
				CLANG_WARN_OBJC_IMPLICIT_RETAIN_SELF = YES;
				CLANG_WARN_OBJC_LITERAL_CONVERSION = YES;
				CLANG_WARN_OBJC_ROOT_CLASS = YES_ERROR;
				CLANG_WARN_QUOTED_INCLUDE_IN_FRAMEWORK_HEADER = YES;
				CLANG_WARN_RANGE_LOOP_ANALYSIS = YES;
				CLANG_WARN_STRICT_PROTOTYPES = YES;
				CLANG_WARN_SUSPICIOUS_MOVE = YES;
				CLANG_WARN_UNGUARDED_AVAILABILITY = YES_AGGRESSIVE;
				CLANG_WARN_UNREACHABLE_CODE = YES;
				CLANG_WARN__DUPLICATE_METHOD_MATCH = YES;
				COPY_PHASE_STRIP = NO;
				DEBUG_INFORMATION_FORMAT = "dwarf-with-dsym";
				ENABLE_NS_ASSERTIONS = NO;
				ENABLE_STRICT_OBJC_MSGSEND = YES;
				GCC_C_LANGUAGE_STANDARD = gnu11;
				GCC_NO_COMMON_BLOCKS = YES;
				GCC_WARN_64_TO_32_BIT_CONVERSION = YES;
				GCC_WARN_ABOUT_RETURN_TYPE = YES_ERROR;
				GCC_WARN_UNDECLARED_SELECTOR = YES;
				GCC_WARN_UNINITIALIZED_AUTOS = YES_AGGRESSIVE;
				GCC_WARN_UNUSED_FUNCTION = YES;
				GCC_WARN_UNUSED_VARIABLE = YES;
				IPHONEOS_DEPLOYMENT_TARGET = 16.4;
				MTL_ENABLE_DEBUG_INFO = NO;
				MTL_FAST_MATH = YES;
				SDKROOT = iphoneos;
				SWIFT_COMPILATION_MODE = wholemodule;
				SWIFT_OPTIMIZATION_LEVEL = "-O";
				VALIDATE_PRODUCT = YES;
			};
			name = Release;
		};
		6EEAB06129DC59E1009BD4E9 /* Debug */ = {
			isa = XCBuildConfiguration;
			buildSettings = {
				ASSETCATALOG_COMPILER_APPICON_NAME = AppIcon;
				ASSETCATALOG_COMPILER_GLOBAL_ACCENT_COLOR_NAME = AccentColor;
				CODE_SIGN_STYLE = Automatic;
				CURRENT_PROJECT_VERSION = 1;
				DEVELOPMENT_ASSET_PATHS = "\"TodoItem/Preview Content\"";
				DEVELOPMENT_TEAM = 8KUG7ZMGM4;
				ENABLE_PREVIEWS = YES;
				GENERATE_INFOPLIST_FILE = YES;
				INFOPLIST_KEY_UIApplicationSceneManifest_Generation = YES;
				INFOPLIST_KEY_UIApplicationSupportsIndirectInputEvents = YES;
				INFOPLIST_KEY_UILaunchScreen_Generation = YES;
				INFOPLIST_KEY_UISupportedInterfaceOrientations_iPad = "UIInterfaceOrientationPortrait UIInterfaceOrientationPortraitUpsideDown UIInterfaceOrientationLandscapeLeft UIInterfaceOrientationLandscapeRight";
				INFOPLIST_KEY_UISupportedInterfaceOrientations_iPhone = "UIInterfaceOrientationPortrait UIInterfaceOrientationLandscapeLeft UIInterfaceOrientationLandscapeRight";
				LD_RUNPATH_SEARCH_PATHS = (
					"$(inherited)",
					"@executable_path/Frameworks",
				);
				MARKETING_VERSION = 1.0;
				PRODUCT_BUNDLE_IDENTIFIER = ca.alistairfraser.TodoItem;
				PRODUCT_NAME = "$(TARGET_NAME)";
				SWIFT_EMIT_LOC_STRINGS = YES;
				SWIFT_VERSION = 5.0;
				TARGETED_DEVICE_FAMILY = "1,2";
			};
			name = Debug;
		};
		6EEAB06229DC59E1009BD4E9 /* Release */ = {
			isa = XCBuildConfiguration;
			buildSettings = {
				ASSETCATALOG_COMPILER_APPICON_NAME = AppIcon;
				ASSETCATALOG_COMPILER_GLOBAL_ACCENT_COLOR_NAME = AccentColor;
				CODE_SIGN_STYLE = Automatic;
				CURRENT_PROJECT_VERSION = 1;
				DEVELOPMENT_ASSET_PATHS = "\"TodoItem/Preview Content\"";
				DEVELOPMENT_TEAM = 8KUG7ZMGM4;
				ENABLE_PREVIEWS = YES;
				GENERATE_INFOPLIST_FILE = YES;
				INFOPLIST_KEY_UIApplicationSceneManifest_Generation = YES;
				INFOPLIST_KEY_UIApplicationSupportsIndirectInputEvents = YES;
				INFOPLIST_KEY_UILaunchScreen_Generation = YES;
				INFOPLIST_KEY_UISupportedInterfaceOrientations_iPad = "UIInterfaceOrientationPortrait UIInterfaceOrientationPortraitUpsideDown UIInterfaceOrientationLandscapeLeft UIInterfaceOrientationLandscapeRight";
				INFOPLIST_KEY_UISupportedInterfaceOrientations_iPhone = "UIInterfaceOrientationPortrait UIInterfaceOrientationLandscapeLeft UIInterfaceOrientationLandscapeRight";
				LD_RUNPATH_SEARCH_PATHS = (
					"$(inherited)",
					"@executable_path/Frameworks",
				);
				MARKETING_VERSION = 1.0;
				PRODUCT_BUNDLE_IDENTIFIER = ca.alistairfraser.TodoItem;
				PRODUCT_NAME = "$(TARGET_NAME)";
				SWIFT_EMIT_LOC_STRINGS = YES;
				SWIFT_VERSION = 5.0;
				TARGETED_DEVICE_FAMILY = "1,2";
			};
			name = Release;
		};
/* End XCBuildConfiguration section */

/* Begin XCConfigurationList section */
		6EEAB04D29DC59DF009BD4E9 /* Build configuration list for PBXProject "TodoItem" */ = {
			isa = XCConfigurationList;
			buildConfigurations = (
				6EEAB05E29DC59E1009BD4E9 /* Debug */,
				6EEAB05F29DC59E1009BD4E9 /* Release */,
			);
			defaultConfigurationIsVisible = 0;
			defaultConfigurationName = Release;
		};
		6EEAB06029DC59E1009BD4E9 /* Build configuration list for PBXNativeTarget "TodoItem" */ = {
			isa = XCConfigurationList;
			buildConfigurations = (
				6EEAB06129DC59E1009BD4E9 /* Debug */,
				6EEAB06229DC59E1009BD4E9 /* Release */,
			);
			defaultConfigurationIsVisible = 0;
			defaultConfigurationName = Release;
		};
/* End XCConfigurationList section */

/* Begin XCRemoteSwiftPackageReference section */
		6EEAB06B29DC64C2009BD4E9 /* XCRemoteSwiftPackageReference "Blackbird" */ = {
			isa = XCRemoteSwiftPackageReference;
			repositoryURL = "https://github.com/marcoarment/Blackbird";
			requirement = {
				branch = main;
				kind = branch;
			};
		};
/* End XCRemoteSwiftPackageReference section */

/* Begin XCSwiftPackageProductDependency section */
		6EEAB06C29DC64C2009BD4E9 /* Blackbird */ = {
			isa = XCSwiftPackageProductDependency;
			package = 6EEAB06B29DC64C2009BD4E9 /* XCRemoteSwiftPackageReference "Blackbird" */;
			productName = Blackbird;
		};
/* End XCSwiftPackageProductDependency section */
	};
	rootObject = 6EEAB04A29DC59DF009BD4E9 /* Project object */;
}
